
Microsoft Visual Studio Solution File, Format Version 12.00
# Visual Studio Version 17
VisualStudioVersion = 17.9.34723.18
MinimumVisualStudioVersion = 10.0.40219.1
Project("{FAE04EC0-301F-11D3-BF4B-00C04F79EFBC}") = "LabOne", "LabOne\LabOne.csproj", "{244ED8F3-236E-491E-98D5-E12EB7F02254}"
EndProject
Global
	GlobalSection(SolutionConfigurationPlatforms) = preSolution
		Debug|Any CPU = Debug|Any CPU
		Release|Any CPU = Release|Any CPU
	EndGlobalSection
	GlobalSection(ProjectConfigurationPlatforms) = postSolution
		{244ED8F3-236E-491E-98D5-E12EB7F02254}.Debug|Any CPU.ActiveCfg = Debug|Any CPU
		{244ED8F3-236E-491E-98D5-E12EB7F02254}.Debug|Any CPU.Build.0 = Debug|Any CPU
		{244ED8F3-236E-491E-98D5-E12EB7F02254}.Release|Any CPU.ActiveCfg = Release|Any CPU
		{244ED8F3-236E-491E-98D5-E12EB7F02254}.Release|Any CPU.Build.0 = Release|Any CPU
	EndGlobalSection
	GlobalSection(SolutionProperties) = preSolution
		HideSolutionNode = FALSE
	EndGlobalSection
	GlobalSection(ExtensibilityGlobals) = postSolution
		SolutionGuid = {30DE0212-2207-4E70-8577-CB0D492AC155}
	EndGlobalSection
EndGlobal
